
Microsoft Visual Studio Solution File, Format Version 12.00
# Visual Studio 14
VisualStudioVersion = 14.0.23107.0
MinimumVisualStudioVersion = 10.0.40219.1
Project("{FAE04EC0-301F-11D3-BF4B-00C04F79EFBC}") = "XamarinAppOber", "XamarinAppOber\XamarinAppOber\XamarinAppOber.csproj", "{7746D9B4-F963-48A6-9607-FEDB1D7E4EE5}"
EndProject
Project("{FAE04EC0-301F-11D3-BF4B-00C04F79EFBC}") = "XamarinAppOber.Droid", "XamarinAppOber\XamarinAppOber.Droid\XamarinAppOber.Droid.csproj", "{0ECA1EA9-1B53-47D7-8793-16DE16BD682A}"
EndProject
Project("{FAE04EC0-301F-11D3-BF4B-00C04F79EFBC}") = "XamarinAppOber.iOS", "XamarinAppOber\XamarinAppOber.iOS\XamarinAppOber.iOS.csproj", "{172F5459-5336-4EC2-B689-BFCAF34B9D77}"
EndProject
Project("{FAE04EC0-301F-11D3-BF4B-00C04F79EFBC}") = "XamarinAppOber.WinPhone", "XamarinAppOber\XamarinAppOber.WinPhone\XamarinAppOber.WinPhone.csproj", "{EF45B2E3-AC8C-4928-8541-49B27EFDEC09}"
EndProject
Project("{FAE04EC0-301F-11D3-BF4B-00C04F79EFBC}") = "XamarinAppOber.Windows", "XamarinAppOber\XamarinAppOber.Windows\XamarinAppOber.Windows.csproj", "{0A37C011-EB74-472A-A53C-425ADFF445AB}"
EndProject
Global
	GlobalSection(SolutionConfigurationPlatforms) = preSolution
		Ad-Hoc|Any CPU = Ad-Hoc|Any CPU
		Ad-Hoc|ARM = Ad-Hoc|ARM
		Ad-Hoc|iPhone = Ad-Hoc|iPhone
		Ad-Hoc|iPhoneSimulator = Ad-Hoc|iPhoneSimulator
		Ad-Hoc|x64 = Ad-Hoc|x64
		Ad-Hoc|x86 = Ad-Hoc|x86
		AppStore|Any CPU = AppStore|Any CPU
		AppStore|ARM = AppStore|ARM
		AppStore|iPhone = AppStore|iPhone
		AppStore|iPhoneSimulator = AppStore|iPhoneSimulator
		AppStore|x64 = AppStore|x64
		AppStore|x86 = AppStore|x86
		Debug|Any CPU = Debug|Any CPU
		Debug|ARM = Debug|ARM
		Debug|iPhone = Debug|iPhone
		Debug|iPhoneSimulator = Debug|iPhoneSimulator
		Debug|x64 = Debug|x64
		Debug|x86 = Debug|x86
		Release|Any CPU = Release|Any CPU
		Release|ARM = Release|ARM
		Release|iPhone = Release|iPhone
		Release|iPhoneSimulator = Release|iPhoneSimulator
		Release|x64 = Release|x64
		Release|x86 = Release|x86
	EndGlobalSection
	GlobalSection(ProjectConfigurationPlatforms) = postSolution
		{7746D9B4-F963-48A6-9607-FEDB1D7E4EE5}.Ad-Hoc|Any CPU.ActiveCfg = Release|Any CPU
		{7746D9B4-F963-48A6-9607-FEDB1D7E4EE5}.Ad-Hoc|Any CPU.Build.0 = Release|Any CPU
		{7746D9B4-F963-48A6-9607-FEDB1D7E4EE5}.Ad-Hoc|ARM.ActiveCfg = Release|Any CPU
		{7746D9B4-F963-48A6-9607-FEDB1D7E4EE5}.Ad-Hoc|ARM.Build.0 = Release|Any CPU
		{7746D9B4-F963-48A6-9607-FEDB1D7E4EE5}.Ad-Hoc|iPhone.ActiveCfg = Release|Any CPU
		{7746D9B4-F963-48A6-9607-FEDB1D7E4EE5}.Ad-Hoc|iPhone.Build.0 = Release|Any CPU
		{7746D9B4-F963-48A6-9607-FEDB1D7E4EE5}.Ad-Hoc|iPhoneSimulator.ActiveCfg = Release|Any CPU
		{7746D9B4-F963-48A6-9607-FEDB1D7E4EE5}.Ad-Hoc|iPhoneSimulator.Build.0 = Release|Any CPU
		{7746D9B4-F963-48A6-9607-FEDB1D7E4EE5}.Ad-Hoc|x64.ActiveCfg = Release|Any CPU
		{7746D9B4-F963-48A6-9607-FEDB1D7E4EE5}.Ad-Hoc|x64.Build.0 = Release|Any CPU
		{7746D9B4-F963-48A6-9607-FEDB1D7E4EE5}.Ad-Hoc|x86.ActiveCfg = Release|Any CPU
		{7746D9B4-F963-48A6-9607-FEDB1D7E4EE5}.Ad-Hoc|x86.Build.0 = Release|Any CPU
		{7746D9B4-F963-48A6-9607-FEDB1D7E4EE5}.AppStore|Any CPU.ActiveCfg = Release|Any CPU
		{7746D9B4-F963-48A6-9607-FEDB1D7E4EE5}.AppStore|Any CPU.Build.0 = Release|Any CPU
		{7746D9B4-F963-48A6-9607-FEDB1D7E4EE5}.AppStore|ARM.ActiveCfg = Release|Any CPU
		{7746D9B4-F963-48A6-9607-FEDB1D7E4EE5}.AppStore|ARM.Build.0 = Release|Any CPU
		{7746D9B4-F963-48A6-9607-FEDB1D7E4EE5}.AppStore|iPhone.ActiveCfg = Release|Any CPU
		{7746D9B4-F963-48A6-9607-FEDB1D7E4EE5}.AppStore|iPhone.Build.0 = Release|Any CPU
		{7746D9B4-F963-48A6-9607-FEDB1D7E4EE5}.AppStore|iPhoneSimulator.ActiveCfg = Release|Any CPU
		{7746D9B4-F963-48A6-9607-FEDB1D7E4EE5}.AppStore|iPhoneSimulator.Build.0 = Release|Any CPU
		{7746D9B4-F963-48A6-9607-FEDB1D7E4EE5}.AppStore|x64.ActiveCfg = Release|Any CPU
		{7746D9B4-F963-48A6-9607-FEDB1D7E4EE5}.AppStore|x64.Build.0 = Release|Any CPU
		{7746D9B4-F963-48A6-9607-FEDB1D7E4EE5}.AppStore|x86.ActiveCfg = Release|Any CPU
		{7746D9B4-F963-48A6-9607-FEDB1D7E4EE5}.AppStore|x86.Build.0 = Release|Any CPU
		{7746D9B4-F963-48A6-9607-FEDB1D7E4EE5}.Debug|Any CPU.ActiveCfg = Debug|Any CPU
		{7746D9B4-F963-48A6-9607-FEDB1D7E4EE5}.Debug|Any CPU.Build.0 = Debug|Any CPU
		{7746D9B4-F963-48A6-9607-FEDB1D7E4EE5}.Debug|ARM.ActiveCfg = Debug|Any CPU
		{7746D9B4-F963-48A6-9607-FEDB1D7E4EE5}.Debug|ARM.Build.0 = Debug|Any CPU
		{7746D9B4-F963-48A6-9607-FEDB1D7E4EE5}.Debug|iPhone.ActiveCfg = Debug|Any CPU
		{7746D9B4-F963-48A6-9607-FEDB1D7E4EE5}.Debug|iPhone.Build.0 = Debug|Any CPU
		{7746D9B4-F963-48A6-9607-FEDB1D7E4EE5}.Debug|iPhoneSimulator.ActiveCfg = Debug|Any CPU
		{7746D9B4-F963-48A6-9607-FEDB1D7E4EE5}.Debug|iPhoneSimulator.Build.0 = Debug|Any CPU
		{7746D9B4-F963-48A6-9607-FEDB1D7E4EE5}.Debug|x64.ActiveCfg = Debug|Any CPU
		{7746D9B4-F963-48A6-9607-FEDB1D7E4EE5}.Debug|x64.Build.0 = Debug|Any CPU
		{7746D9B4-F963-48A6-9607-FEDB1D7E4EE5}.Debug|x86.ActiveCfg = Debug|Any CPU
		{7746D9B4-F963-48A6-9607-FEDB1D7E4EE5}.Debug|x86.Build.0 = Debug|Any CPU
		{7746D9B4-F963-48A6-9607-FEDB1D7E4EE5}.Release|Any CPU.ActiveCfg = Release|Any CPU
		{7746D9B4-F963-48A6-9607-FEDB1D7E4EE5}.Release|Any CPU.Build.0 = Release|Any CPU
		{7746D9B4-F963-48A6-9607-FEDB1D7E4EE5}.Release|ARM.ActiveCfg = Release|Any CPU
		{7746D9B4-F963-48A6-9607-FEDB1D7E4EE5}.Release|ARM.Build.0 = Release|Any CPU
		{7746D9B4-F963-48A6-9607-FEDB1D7E4EE5}.Release|iPhone.ActiveCfg = Release|Any CPU
		{7746D9B4-F963-48A6-9607-FEDB1D7E4EE5}.Release|iPhone.Build.0 = Release|Any CPU
		{7746D9B4-F963-48A6-9607-FEDB1D7E4EE5}.Release|iPhoneSimulator.ActiveCfg = Release|Any CPU
		{7746D9B4-F963-48A6-9607-FEDB1D7E4EE5}.Release|iPhoneSimulator.Build.0 = Release|Any CPU
		{7746D9B4-F963-48A6-9607-FEDB1D7E4EE5}.Release|x64.ActiveCfg = Release|Any CPU
		{7746D9B4-F963-48A6-9607-FEDB1D7E4EE5}.Release|x64.Build.0 = Release|Any CPU
		{7746D9B4-F963-48A6-9607-FEDB1D7E4EE5}.Release|x86.ActiveCfg = Release|Any CPU
		{7746D9B4-F963-48A6-9607-FEDB1D7E4EE5}.Release|x86.Build.0 = Release|Any CPU
		{0ECA1EA9-1B53-47D7-8793-16DE16BD682A}.Ad-Hoc|Any CPU.ActiveCfg = Release|Any CPU
		{0ECA1EA9-1B53-47D7-8793-16DE16BD682A}.Ad-Hoc|Any CPU.Build.0 = Release|Any CPU
		{0ECA1EA9-1B53-47D7-8793-16DE16BD682A}.Ad-Hoc|Any CPU.Deploy.0 = Release|Any CPU
		{0ECA1EA9-1B53-47D7-8793-16DE16BD682A}.Ad-Hoc|ARM.ActiveCfg = Release|Any CPU
		{0ECA1EA9-1B53-47D7-8793-16DE16BD682A}.Ad-Hoc|ARM.Build.0 = Release|Any CPU
		{0ECA1EA9-1B53-47D7-8793-16DE16BD682A}.Ad-Hoc|ARM.Deploy.0 = Release|Any CPU
		{0ECA1EA9-1B53-47D7-8793-16DE16BD682A}.Ad-Hoc|iPhone.ActiveCfg = Release|Any CPU
		{0ECA1EA9-1B53-47D7-8793-16DE16BD682A}.Ad-Hoc|iPhone.Build.0 = Release|Any CPU
		{0ECA1EA9-1B53-47D7-8793-16DE16BD682A}.Ad-Hoc|iPhone.Deploy.0 = Release|Any CPU
		{0ECA1EA9-1B53-47D7-8793-16DE16BD682A}.Ad-Hoc|iPhoneSimulator.ActiveCfg = Release|Any CPU
		{0ECA1EA9-1B53-47D7-8793-16DE16BD682A}.Ad-Hoc|iPhoneSimulator.Build.0 = Release|Any CPU
		{0ECA1EA9-1B53-47D7-8793-16DE16BD682A}.Ad-Hoc|iPhoneSimulator.Deploy.0 = Release|Any CPU
		{0ECA1EA9-1B53-47D7-8793-16DE16BD682A}.Ad-Hoc|x64.ActiveCfg = Release|Any CPU
		{0ECA1EA9-1B53-47D7-8793-16DE16BD682A}.Ad-Hoc|x64.Build.0 = Release|Any CPU
		{0ECA1EA9-1B53-47D7-8793-16DE16BD682A}.Ad-Hoc|x64.Deploy.0 = Release|Any CPU
		{0ECA1EA9-1B53-47D7-8793-16DE16BD682A}.Ad-Hoc|x86.ActiveCfg = Release|Any CPU
		{0ECA1EA9-1B53-47D7-8793-16DE16BD682A}.Ad-Hoc|x86.Build.0 = Release|Any CPU
		{0ECA1EA9-1B53-47D7-8793-16DE16BD682A}.Ad-Hoc|x86.Deploy.0 = Release|Any CPU
		{0ECA1EA9-1B53-47D7-8793-16DE16BD682A}.AppStore|Any CPU.ActiveCfg = Release|Any CPU
		{0ECA1EA9-1B53-47D7-8793-16DE16BD682A}.AppStore|Any CPU.Build.0 = Release|Any CPU
		{0ECA1EA9-1B53-47D7-8793-16DE16BD682A}.AppStore|Any CPU.Deploy.0 = Release|Any CPU
		{0ECA1EA9-1B53-47D7-8793-16DE16BD682A}.AppStore|ARM.ActiveCfg = Release|Any CPU
		{0ECA1EA9-1B53-47D7-8793-16DE16BD682A}.AppStore|ARM.Build.0 = Release|Any CPU
		{0ECA1EA9-1B53-47D7-8793-16DE16BD682A}.AppStore|ARM.Deploy.0 = Release|Any CPU
		{0ECA1EA9-1B53-47D7-8793-16DE16BD682A}.AppStore|iPhone.ActiveCfg = Release|Any CPU
		{0ECA1EA9-1B53-47D7-8793-16DE16BD682A}.AppStore|iPhone.Build.0 = Release|Any CPU
		{0ECA1EA9-1B53-47D7-8793-16DE16BD682A}.AppStore|iPhone.Deploy.0 = Release|Any CPU
		{0ECA1EA9-1B53-47D7-8793-16DE16BD682A}.AppStore|iPhoneSimulator.ActiveCfg = Release|Any CPU
		{0ECA1EA9-1B53-47D7-8793-16DE16BD682A}.AppStore|iPhoneSimulator.Build.0 = Release|Any CPU
		{0ECA1EA9-1B53-47D7-8793-16DE16BD682A}.AppStore|iPhoneSimulator.Deploy.0 = Release|Any CPU
		{0ECA1EA9-1B53-47D7-8793-16DE16BD682A}.AppStore|x64.ActiveCfg = Release|Any CPU
		{0ECA1EA9-1B53-47D7-8793-16DE16BD682A}.AppStore|x64.Build.0 = Release|Any CPU
		{0ECA1EA9-1B53-47D7-8793-16DE16BD682A}.AppStore|x64.Deploy.0 = Release|Any CPU
		{0ECA1EA9-1B53-47D7-8793-16DE16BD682A}.AppStore|x86.ActiveCfg = Release|Any CPU
		{0ECA1EA9-1B53-47D7-8793-16DE16BD682A}.AppStore|x86.Build.0 = Release|Any CPU
		{0ECA1EA9-1B53-47D7-8793-16DE16BD682A}.AppStore|x86.Deploy.0 = Release|Any CPU
		{0ECA1EA9-1B53-47D7-8793-16DE16BD682A}.Debug|Any CPU.ActiveCfg = Debug|Any CPU
		{0ECA1EA9-1B53-47D7-8793-16DE16BD682A}.Debug|Any CPU.Build.0 = Debug|Any CPU
		{0ECA1EA9-1B53-47D7-8793-16DE16BD682A}.Debug|Any CPU.Deploy.0 = Debug|Any CPU
		{0ECA1EA9-1B53-47D7-8793-16DE16BD682A}.Debug|ARM.ActiveCfg = Debug|Any CPU
		{0ECA1EA9-1B53-47D7-8793-16DE16BD682A}.Debug|ARM.Build.0 = Debug|Any CPU
		{0ECA1EA9-1B53-47D7-8793-16DE16BD682A}.Debug|ARM.Deploy.0 = Debug|Any CPU
		{0ECA1EA9-1B53-47D7-8793-16DE16BD682A}.Debug|iPhone.ActiveCfg = Debug|Any CPU
		{0ECA1EA9-1B53-47D7-8793-16DE16BD682A}.Debug|iPhone.Build.0 = Debug|Any CPU
		{0ECA1EA9-1B53-47D7-8793-16DE16BD682A}.Debug|iPhone.Deploy.0 = Debug|Any CPU
		{0ECA1EA9-1B53-47D7-8793-16DE16BD682A}.Debug|iPhoneSimulator.ActiveCfg = Debug|Any CPU
		{0ECA1EA9-1B53-47D7-8793-16DE16BD682A}.Debug|iPhoneSimulator.Build.0 = Debug|Any CPU
		{0ECA1EA9-1B53-47D7-8793-16DE16BD682A}.Debug|iPhoneSimulator.Deploy.0 = Debug|Any CPU
		{0ECA1EA9-1B53-47D7-8793-16DE16BD682A}.Debug|x64.ActiveCfg = Debug|Any CPU
		{0ECA1EA9-1B53-47D7-8793-16DE16BD682A}.Debug|x64.Build.0 = Debug|Any CPU
		{0ECA1EA9-1B53-47D7-8793-16DE16BD682A}.Debug|x64.Deploy.0 = Debug|Any CPU
		{0ECA1EA9-1B53-47D7-8793-16DE16BD682A}.Debug|x86.ActiveCfg = Debug|Any CPU
		{0ECA1EA9-1B53-47D7-8793-16DE16BD682A}.Debug|x86.Build.0 = Debug|Any CPU
		{0ECA1EA9-1B53-47D7-8793-16DE16BD682A}.Debug|x86.Deploy.0 = Debug|Any CPU
		{0ECA1EA9-1B53-47D7-8793-16DE16BD682A}.Release|Any CPU.ActiveCfg = Release|Any CPU
		{0ECA1EA9-1B53-47D7-8793-16DE16BD682A}.Release|Any CPU.Build.0 = Release|Any CPU
		{0ECA1EA9-1B53-47D7-8793-16DE16BD682A}.Release|Any CPU.Deploy.0 = Release|Any CPU
		{0ECA1EA9-1B53-47D7-8793-16DE16BD682A}.Release|ARM.ActiveCfg = Release|Any CPU
		{0ECA1EA9-1B53-47D7-8793-16DE16BD682A}.Release|ARM.Build.0 = Release|Any CPU
		{0ECA1EA9-1B53-47D7-8793-16DE16BD682A}.Release|ARM.Deploy.0 = Release|Any CPU
		{0ECA1EA9-1B53-47D7-8793-16DE16BD682A}.Release|iPhone.ActiveCfg = Release|Any CPU
		{0ECA1EA9-1B53-47D7-8793-16DE16BD682A}.Release|iPhone.Build.0 = Release|Any CPU
		{0ECA1EA9-1B53-47D7-8793-16DE16BD682A}.Release|iPhone.Deploy.0 = Release|Any CPU
		{0ECA1EA9-1B53-47D7-8793-16DE16BD682A}.Release|iPhoneSimulator.ActiveCfg = Release|Any CPU
		{0ECA1EA9-1B53-47D7-8793-16DE16BD682A}.Release|iPhoneSimulator.Build.0 = Release|Any CPU
		{0ECA1EA9-1B53-47D7-8793-16DE16BD682A}.Release|iPhoneSimulator.Deploy.0 = Release|Any CPU
		{0ECA1EA9-1B53-47D7-8793-16DE16BD682A}.Release|x64.ActiveCfg = Release|Any CPU
		{0ECA1EA9-1B53-47D7-8793-16DE16BD682A}.Release|x64.Build.0 = Release|Any CPU
		{0ECA1EA9-1B53-47D7-8793-16DE16BD682A}.Release|x64.Deploy.0 = Release|Any CPU
		{0ECA1EA9-1B53-47D7-8793-16DE16BD682A}.Release|x86.ActiveCfg = Release|Any CPU
		{0ECA1EA9-1B53-47D7-8793-16DE16BD682A}.Release|x86.Build.0 = Release|Any CPU
		{0ECA1EA9-1B53-47D7-8793-16DE16BD682A}.Release|x86.Deploy.0 = Release|Any CPU
		{172F5459-5336-4EC2-B689-BFCAF34B9D77}.Ad-Hoc|Any CPU.ActiveCfg = Ad-Hoc|iPhone
		{172F5459-5336-4EC2-B689-BFCAF34B9D77}.Ad-Hoc|ARM.ActiveCfg = Ad-Hoc|iPhone
		{172F5459-5336-4EC2-B689-BFCAF34B9D77}.Ad-Hoc|iPhone.ActiveCfg = Ad-Hoc|iPhone
		{172F5459-5336-4EC2-B689-BFCAF34B9D77}.Ad-Hoc|iPhone.Build.0 = Ad-Hoc|iPhone
		{172F5459-5336-4EC2-B689-BFCAF34B9D77}.Ad-Hoc|iPhoneSimulator.ActiveCfg = Ad-Hoc|iPhoneSimulator
		{172F5459-5336-4EC2-B689-BFCAF34B9D77}.Ad-Hoc|iPhoneSimulator.Build.0 = Ad-Hoc|iPhoneSimulator
		{172F5459-5336-4EC2-B689-BFCAF34B9D77}.Ad-Hoc|x64.ActiveCfg = Ad-Hoc|iPhone
		{172F5459-5336-4EC2-B689-BFCAF34B9D77}.Ad-Hoc|x86.ActiveCfg = Ad-Hoc|iPhone
		{172F5459-5336-4EC2-B689-BFCAF34B9D77}.AppStore|Any CPU.ActiveCfg = AppStore|iPhone
		{172F5459-5336-4EC2-B689-BFCAF34B9D77}.AppStore|ARM.ActiveCfg = AppStore|iPhone
		{172F5459-5336-4EC2-B689-BFCAF34B9D77}.AppStore|iPhone.ActiveCfg = AppStore|iPhone
		{172F5459-5336-4EC2-B689-BFCAF34B9D77}.AppStore|iPhone.Build.0 = AppStore|iPhone
		{172F5459-5336-4EC2-B689-BFCAF34B9D77}.AppStore|iPhoneSimulator.ActiveCfg = AppStore|iPhoneSimulator
		{172F5459-5336-4EC2-B689-BFCAF34B9D77}.AppStore|iPhoneSimulator.Build.0 = AppStore|iPhoneSimulator
		{172F5459-5336-4EC2-B689-BFCAF34B9D77}.AppStore|x64.ActiveCfg = AppStore|iPhone
		{172F5459-5336-4EC2-B689-BFCAF34B9D77}.AppStore|x86.ActiveCfg = AppStore|iPhone
		{172F5459-5336-4EC2-B689-BFCAF34B9D77}.Debug|Any CPU.ActiveCfg = Debug|iPhone
		{172F5459-5336-4EC2-B689-BFCAF34B9D77}.Debug|ARM.ActiveCfg = Debug|iPhone
		{172F5459-5336-4EC2-B689-BFCAF34B9D77}.Debug|iPhone.ActiveCfg = Debug|iPhone
		{172F5459-5336-4EC2-B689-BFCAF34B9D77}.Debug|iPhone.Build.0 = Debug|iPhone
		{172F5459-5336-4EC2-B689-BFCAF34B9D77}.Debug|iPhoneSimulator.ActiveCfg = Debug|iPhoneSimulator
		{172F5459-5336-4EC2-B689-BFCAF34B9D77}.Debug|iPhoneSimulator.Build.0 = Debug|iPhoneSimulator
		{172F5459-5336-4EC2-B689-BFCAF34B9D77}.Debug|x64.ActiveCfg = Debug|iPhone
		{172F5459-5336-4EC2-B689-BFCAF34B9D77}.Debug|x86.ActiveCfg = Debug|iPhone
		{172F5459-5336-4EC2-B689-BFCAF34B9D77}.Release|Any CPU.ActiveCfg = Release|iPhone
		{172F5459-5336-4EC2-B689-BFCAF34B9D77}.Release|ARM.ActiveCfg = Release|iPhone
		{172F5459-5336-4EC2-B689-BFCAF34B9D77}.Release|iPhone.ActiveCfg = Release|iPhone
		{172F5459-5336-4EC2-B689-BFCAF34B9D77}.Release|iPhone.Build.0 = Release|iPhone
		{172F5459-5336-4EC2-B689-BFCAF34B9D77}.Release|iPhoneSimulator.ActiveCfg = Release|iPhoneSimulator
		{172F5459-5336-4EC2-B689-BFCAF34B9D77}.Release|iPhoneSimulator.Build.0 = Release|iPhoneSimulator
		{172F5459-5336-4EC2-B689-BFCAF34B9D77}.Release|x64.ActiveCfg = Release|iPhone
		{172F5459-5336-4EC2-B689-BFCAF34B9D77}.Release|x86.ActiveCfg = Release|iPhone
		{EF45B2E3-AC8C-4928-8541-49B27EFDEC09}.Ad-Hoc|Any CPU.ActiveCfg = Release|Any CPU
		{EF45B2E3-AC8C-4928-8541-49B27EFDEC09}.Ad-Hoc|Any CPU.Build.0 = Release|Any CPU
		{EF45B2E3-AC8C-4928-8541-49B27EFDEC09}.Ad-Hoc|Any CPU.Deploy.0 = Release|Any CPU
		{EF45B2E3-AC8C-4928-8541-49B27EFDEC09}.Ad-Hoc|ARM.ActiveCfg = Release|ARM
		{EF45B2E3-AC8C-4928-8541-49B27EFDEC09}.Ad-Hoc|ARM.Build.0 = Release|ARM
		{EF45B2E3-AC8C-4928-8541-49B27EFDEC09}.Ad-Hoc|ARM.Deploy.0 = Release|ARM
		{EF45B2E3-AC8C-4928-8541-49B27EFDEC09}.Ad-Hoc|iPhone.ActiveCfg = Release|Any CPU
		{EF45B2E3-AC8C-4928-8541-49B27EFDEC09}.Ad-Hoc|iPhone.Build.0 = Release|Any CPU
		{EF45B2E3-AC8C-4928-8541-49B27EFDEC09}.Ad-Hoc|iPhone.Deploy.0 = Release|Any CPU
		{EF45B2E3-AC8C-4928-8541-49B27EFDEC09}.Ad-Hoc|iPhoneSimulator.ActiveCfg = Release|Any CPU
		{EF45B2E3-AC8C-4928-8541-49B27EFDEC09}.Ad-Hoc|iPhoneSimulator.Build.0 = Release|Any CPU
		{EF45B2E3-AC8C-4928-8541-49B27EFDEC09}.Ad-Hoc|iPhoneSimulator.Deploy.0 = Release|Any CPU
		{EF45B2E3-AC8C-4928-8541-49B27EFDEC09}.Ad-Hoc|x64.ActiveCfg = Release|Any CPU
		{EF45B2E3-AC8C-4928-8541-49B27EFDEC09}.Ad-Hoc|x64.Build.0 = Release|Any CPU
		{EF45B2E3-AC8C-4928-8541-49B27EFDEC09}.Ad-Hoc|x64.Deploy.0 = Release|Any CPU
		{EF45B2E3-AC8C-4928-8541-49B27EFDEC09}.Ad-Hoc|x86.ActiveCfg = Release|x86
		{EF45B2E3-AC8C-4928-8541-49B27EFDEC09}.Ad-Hoc|x86.Build.0 = Release|x86
		{EF45B2E3-AC8C-4928-8541-49B27EFDEC09}.Ad-Hoc|x86.Deploy.0 = Release|x86
		{EF45B2E3-AC8C-4928-8541-49B27EFDEC09}.AppStore|Any CPU.ActiveCfg = Release|Any CPU
		{EF45B2E3-AC8C-4928-8541-49B27EFDEC09}.AppStore|Any CPU.Build.0 = Release|Any CPU
		{EF45B2E3-AC8C-4928-8541-49B27EFDEC09}.AppStore|Any CPU.Deploy.0 = Release|Any CPU
		{EF45B2E3-AC8C-4928-8541-49B27EFDEC09}.AppStore|ARM.ActiveCfg = Release|ARM
		{EF45B2E3-AC8C-4928-8541-49B27EFDEC09}.AppStore|ARM.Build.0 = Release|ARM
		{EF45B2E3-AC8C-4928-8541-49B27EFDEC09}.AppStore|ARM.Deploy.0 = Release|ARM
		{EF45B2E3-AC8C-4928-8541-49B27EFDEC09}.AppStore|iPhone.ActiveCfg = Release|Any CPU
		{EF45B2E3-AC8C-4928-8541-49B27EFDEC09}.AppStore|iPhone.Build.0 = Release|Any CPU
		{EF45B2E3-AC8C-4928-8541-49B27EFDEC09}.AppStore|iPhone.Deploy.0 = Release|Any CPU
		{EF45B2E3-AC8C-4928-8541-49B27EFDEC09}.AppStore|iPhoneSimulator.ActiveCfg = Release|Any CPU
		{EF45B2E3-AC8C-4928-8541-49B27EFDEC09}.AppStore|iPhoneSimulator.Build.0 = Release|Any CPU
		{EF45B2E3-AC8C-4928-8541-49B27EFDEC09}.AppStore|iPhoneSimulator.Deploy.0 = Release|Any CPU
		{EF45B2E3-AC8C-4928-8541-49B27EFDEC09}.AppStore|x64.ActiveCfg = Release|Any CPU
		{EF45B2E3-AC8C-4928-8541-49B27EFDEC09}.AppStore|x64.Build.0 = Release|Any CPU
		{EF45B2E3-AC8C-4928-8541-49B27EFDEC09}.AppStore|x64.Deploy.0 = Release|Any CPU
		{EF45B2E3-AC8C-4928-8541-49B27EFDEC09}.AppStore|x86.ActiveCfg = Release|x86
		{EF45B2E3-AC8C-4928-8541-49B27EFDEC09}.AppStore|x86.Build.0 = Release|x86
		{EF45B2E3-AC8C-4928-8541-49B27EFDEC09}.AppStore|x86.Deploy.0 = Release|x86
		{EF45B2E3-AC8C-4928-8541-49B27EFDEC09}.Debug|Any CPU.ActiveCfg = Debug|Any CPU
		{EF45B2E3-AC8C-4928-8541-49B27EFDEC09}.Debug|Any CPU.Build.0 = Debug|Any CPU
		{EF45B2E3-AC8C-4928-8541-49B27EFDEC09}.Debug|Any CPU.Deploy.0 = Debug|Any CPU
		{EF45B2E3-AC8C-4928-8541-49B27EFDEC09}.Debug|ARM.ActiveCfg = Debug|ARM
		{EF45B2E3-AC8C-4928-8541-49B27EFDEC09}.Debug|ARM.Build.0 = Debug|ARM
		{EF45B2E3-AC8C-4928-8541-49B27EFDEC09}.Debug|ARM.Deploy.0 = Debug|ARM
		{EF45B2E3-AC8C-4928-8541-49B27EFDEC09}.Debug|iPhone.ActiveCfg = Debug|Any CPU
		{EF45B2E3-AC8C-4928-8541-49B27EFDEC09}.Debug|iPhone.Build.0 = Debug|Any CPU
		{EF45B2E3-AC8C-4928-8541-49B27EFDEC09}.Debug|iPhone.Deploy.0 = Debug|Any CPU
		{EF45B2E3-AC8C-4928-8541-49B27EFDEC09}.Debug|iPhoneSimulator.ActiveCfg = Debug|Any CPU
		{EF45B2E3-AC8C-4928-8541-49B27EFDEC09}.Debug|iPhoneSimulator.Build.0 = Debug|Any CPU
		{EF45B2E3-AC8C-4928-8541-49B27EFDEC09}.Debug|iPhoneSimulator.Deploy.0 = Debug|Any CPU
		{EF45B2E3-AC8C-4928-8541-49B27EFDEC09}.Debug|x64.ActiveCfg = Debug|Any CPU
		{EF45B2E3-AC8C-4928-8541-49B27EFDEC09}.Debug|x64.Build.0 = Debug|Any CPU
		{EF45B2E3-AC8C-4928-8541-49B27EFDEC09}.Debug|x64.Deploy.0 = Debug|Any CPU
		{EF45B2E3-AC8C-4928-8541-49B27EFDEC09}.Debug|x86.ActiveCfg = Debug|x86
		{EF45B2E3-AC8C-4928-8541-49B27EFDEC09}.Debug|x86.Build.0 = Debug|x86
		{EF45B2E3-AC8C-4928-8541-49B27EFDEC09}.Debug|x86.Deploy.0 = Debug|x86
		{EF45B2E3-AC8C-4928-8541-49B27EFDEC09}.Release|Any CPU.ActiveCfg = Release|Any CPU
		{EF45B2E3-AC8C-4928-8541-49B27EFDEC09}.Release|Any CPU.Build.0 = Release|Any CPU
		{EF45B2E3-AC8C-4928-8541-49B27EFDEC09}.Release|Any CPU.Deploy.0 = Release|Any CPU
		{EF45B2E3-AC8C-4928-8541-49B27EFDEC09}.Release|ARM.ActiveCfg = Release|ARM
		{EF45B2E3-AC8C-4928-8541-49B27EFDEC09}.Release|ARM.Build.0 = Release|ARM
		{EF45B2E3-AC8C-4928-8541-49B27EFDEC09}.Release|ARM.Deploy.0 = Release|ARM
		{EF45B2E3-AC8C-4928-8541-49B27EFDEC09}.Release|iPhone.ActiveCfg = Release|Any CPU
		{EF45B2E3-AC8C-4928-8541-49B27EFDEC09}.Release|iPhone.Build.0 = Release|Any CPU
		{EF45B2E3-AC8C-4928-8541-49B27EFDEC09}.Release|iPhone.Deploy.0 = Release|Any CPU
		{EF45B2E3-AC8C-4928-8541-49B27EFDEC09}.Release|iPhoneSimulator.ActiveCfg = Release|Any CPU
		{EF45B2E3-AC8C-4928-8541-49B27EFDEC09}.Release|iPhoneSimulator.Build.0 = Release|Any CPU
		{EF45B2E3-AC8C-4928-8541-49B27EFDEC09}.Release|iPhoneSimulator.Deploy.0 = Release|Any CPU
		{EF45B2E3-AC8C-4928-8541-49B27EFDEC09}.Release|x64.ActiveCfg = Release|Any CPU
		{EF45B2E3-AC8C-4928-8541-49B27EFDEC09}.Release|x64.Build.0 = Release|Any CPU
		{EF45B2E3-AC8C-4928-8541-49B27EFDEC09}.Release|x64.Deploy.0 = Release|Any CPU
		{EF45B2E3-AC8C-4928-8541-49B27EFDEC09}.Release|x86.ActiveCfg = Release|x86
		{EF45B2E3-AC8C-4928-8541-49B27EFDEC09}.Release|x86.Build.0 = Release|x86
		{EF45B2E3-AC8C-4928-8541-49B27EFDEC09}.Release|x86.Deploy.0 = Release|x86
		{0A37C011-EB74-472A-A53C-425ADFF445AB}.Ad-Hoc|Any CPU.ActiveCfg = Release|Any CPU
		{0A37C011-EB74-472A-A53C-425ADFF445AB}.Ad-Hoc|Any CPU.Build.0 = Release|Any CPU
		{0A37C011-EB74-472A-A53C-425ADFF445AB}.Ad-Hoc|Any CPU.Deploy.0 = Release|Any CPU
		{0A37C011-EB74-472A-A53C-425ADFF445AB}.Ad-Hoc|ARM.ActiveCfg = Release|ARM
		{0A37C011-EB74-472A-A53C-425ADFF445AB}.Ad-Hoc|ARM.Build.0 = Release|ARM
		{0A37C011-EB74-472A-A53C-425ADFF445AB}.Ad-Hoc|ARM.Deploy.0 = Release|ARM
		{0A37C011-EB74-472A-A53C-425ADFF445AB}.Ad-Hoc|iPhone.ActiveCfg = Release|Any CPU
		{0A37C011-EB74-472A-A53C-425ADFF445AB}.Ad-Hoc|iPhone.Build.0 = Release|Any CPU
		{0A37C011-EB74-472A-A53C-425ADFF445AB}.Ad-Hoc|iPhone.Deploy.0 = Release|Any CPU
		{0A37C011-EB74-472A-A53C-425ADFF445AB}.Ad-Hoc|iPhoneSimulator.ActiveCfg = Release|Any CPU
		{0A37C011-EB74-472A-A53C-425ADFF445AB}.Ad-Hoc|iPhoneSimulator.Build.0 = Release|Any CPU
		{0A37C011-EB74-472A-A53C-425ADFF445AB}.Ad-Hoc|iPhoneSimulator.Deploy.0 = Release|Any CPU
		{0A37C011-EB74-472A-A53C-425ADFF445AB}.Ad-Hoc|x64.ActiveCfg = Release|x64
		{0A37C011-EB74-472A-A53C-425ADFF445AB}.Ad-Hoc|x64.Build.0 = Release|x64
		{0A37C011-EB74-472A-A53C-425ADFF445AB}.Ad-Hoc|x64.Deploy.0 = Release|x64
		{0A37C011-EB74-472A-A53C-425ADFF445AB}.Ad-Hoc|x86.ActiveCfg = Release|x86
		{0A37C011-EB74-472A-A53C-425ADFF445AB}.Ad-Hoc|x86.Build.0 = Release|x86
		{0A37C011-EB74-472A-A53C-425ADFF445AB}.Ad-Hoc|x86.Deploy.0 = Release|x86
		{0A37C011-EB74-472A-A53C-425ADFF445AB}.AppStore|Any CPU.ActiveCfg = Release|Any CPU
		{0A37C011-EB74-472A-A53C-425ADFF445AB}.AppStore|Any CPU.Build.0 = Release|Any CPU
		{0A37C011-EB74-472A-A53C-425ADFF445AB}.AppStore|Any CPU.Deploy.0 = Release|Any CPU
		{0A37C011-EB74-472A-A53C-425ADFF445AB}.AppStore|ARM.ActiveCfg = Release|ARM
		{0A37C011-EB74-472A-A53C-425ADFF445AB}.AppStore|ARM.Build.0 = Release|ARM
		{0A37C011-EB74-472A-A53C-425ADFF445AB}.AppStore|ARM.Deploy.0 = Release|ARM
		{0A37C011-EB74-472A-A53C-425ADFF445AB}.AppStore|iPhone.ActiveCfg = Release|Any CPU
		{0A37C011-EB74-472A-A53C-425ADFF445AB}.AppStore|iPhone.Build.0 = Release|Any CPU
		{0A37C011-EB74-472A-A53C-425ADFF445AB}.AppStore|iPhone.Deploy.0 = Release|Any CPU
		{0A37C011-EB74-472A-A53C-425ADFF445AB}.AppStore|iPhoneSimulator.ActiveCfg = Release|Any CPU
		{0A37C011-EB74-472A-A53C-425ADFF445AB}.AppStore|iPhoneSimulator.Build.0 = Release|Any CPU
		{0A37C011-EB74-472A-A53C-425ADFF445AB}.AppStore|iPhoneSimulator.Deploy.0 = Release|Any CPU
		{0A37C011-EB74-472A-A53C-425ADFF445AB}.AppStore|x64.ActiveCfg = Release|x64
		{0A37C011-EB74-472A-A53C-425ADFF445AB}.AppStore|x64.Build.0 = Release|x64
		{0A37C011-EB74-472A-A53C-425ADFF445AB}.AppStore|x64.Deploy.0 = Release|x64
		{0A37C011-EB74-472A-A53C-425ADFF445AB}.AppStore|x86.ActiveCfg = Release|x86
		{0A37C011-EB74-472A-A53C-425ADFF445AB}.AppStore|x86.Build.0 = Release|x86
		{0A37C011-EB74-472A-A53C-425ADFF445AB}.AppStore|x86.Deploy.0 = Release|x86
		{0A37C011-EB74-472A-A53C-425ADFF445AB}.Debug|Any CPU.ActiveCfg = Debug|Any CPU
		{0A37C011-EB74-472A-A53C-425ADFF445AB}.Debug|Any CPU.Build.0 = Debug|Any CPU
		{0A37C011-EB74-472A-A53C-425ADFF445AB}.Debug|Any CPU.Deploy.0 = Debug|Any CPU
		{0A37C011-EB74-472A-A53C-425ADFF445AB}.Debug|ARM.ActiveCfg = Debug|ARM
		{0A37C011-EB74-472A-A53C-425ADFF445AB}.Debug|ARM.Build.0 = Debug|ARM
		{0A37C011-EB74-472A-A53C-425ADFF445AB}.Debug|ARM.Deploy.0 = Debug|ARM
		{0A37C011-EB74-472A-A53C-425ADFF445AB}.Debug|iPhone.ActiveCfg = Debug|Any CPU
		{0A37C011-EB74-472A-A53C-425ADFF445AB}.Debug|iPhone.Build.0 = Debug|Any CPU
		{0A37C011-EB74-472A-A53C-425ADFF445AB}.Debug|iPhone.Deploy.0 = Debug|Any CPU
		{0A37C011-EB74-472A-A53C-425ADFF445AB}.Debug|iPhoneSimulator.ActiveCfg = Debug|Any CPU
		{0A37C011-EB74-472A-A53C-425ADFF445AB}.Debug|iPhoneSimulator.Build.0 = Debug|Any CPU
		{0A37C011-EB74-472A-A53C-425ADFF445AB}.Debug|iPhoneSimulator.Deploy.0 = Debug|Any CPU
		{0A37C011-EB74-472A-A53C-425ADFF445AB}.Debug|x64.ActiveCfg = Debug|x64
		{0A37C011-EB74-472A-A53C-425ADFF445AB}.Debug|x64.Build.0 = Debug|x64
		{0A37C011-EB74-472A-A53C-425ADFF445AB}.Debug|x64.Deploy.0 = Debug|x64
		{0A37C011-EB74-472A-A53C-425ADFF445AB}.Debug|x86.ActiveCfg = Debug|x86
		{0A37C011-EB74-472A-A53C-425ADFF445AB}.Debug|x86.Build.0 = Debug|x86
		{0A37C011-EB74-472A-A53C-425ADFF445AB}.Debug|x86.Deploy.0 = Debug|x86
		{0A37C011-EB74-472A-A53C-425ADFF445AB}.Release|Any CPU.ActiveCfg = Release|Any CPU
		{0A37C011-EB74-472A-A53C-425ADFF445AB}.Release|Any CPU.Build.0 = Release|Any CPU
		{0A37C011-EB74-472A-A53C-425ADFF445AB}.Release|Any CPU.Deploy.0 = Release|Any CPU
		{0A37C011-EB74-472A-A53C-425ADFF445AB}.Release|ARM.ActiveCfg = Release|ARM
		{0A37C011-EB74-472A-A53C-425ADFF445AB}.Release|ARM.Build.0 = Release|ARM
		{0A37C011-EB74-472A-A53C-425ADFF445AB}.Release|ARM.Deploy.0 = Release|ARM
		{0A37C011-EB74-472A-A53C-425ADFF445AB}.Release|iPhone.ActiveCfg = Release|Any CPU
		{0A37C011-EB74-472A-A53C-425ADFF445AB}.Release|iPhone.Build.0 = Release|Any CPU
		{0A37C011-EB74-472A-A53C-425ADFF445AB}.Release|iPhone.Deploy.0 = Release|Any CPU
		{0A37C011-EB74-472A-A53C-425ADFF445AB}.Release|iPhoneSimulator.ActiveCfg = Release|Any CPU
		{0A37C011-EB74-472A-A53C-425ADFF445AB}.Release|iPhoneSimulator.Build.0 = Release|Any CPU
		{0A37C011-EB74-472A-A53C-425ADFF445AB}.Release|iPhoneSimulator.Deploy.0 = Release|Any CPU
		{0A37C011-EB74-472A-A53C-425ADFF445AB}.Release|x64.ActiveCfg = Release|x64
		{0A37C011-EB74-472A-A53C-425ADFF445AB}.Release|x64.Build.0 = Release|x64
		{0A37C011-EB74-472A-A53C-425ADFF445AB}.Release|x64.Deploy.0 = Release|x64
		{0A37C011-EB74-472A-A53C-425ADFF445AB}.Release|x86.ActiveCfg = Release|x86
		{0A37C011-EB74-472A-A53C-425ADFF445AB}.Release|x86.Build.0 = Release|x86
		{0A37C011-EB74-472A-A53C-425ADFF445AB}.Release|x86.Deploy.0 = Release|x86
	EndGlobalSection
	GlobalSection(SolutionProperties) = preSolution
		HideSolutionNode = FALSE
	EndGlobalSection
EndGlobal
