
Microsoft Visual Studio Solution File, Format Version 12.00
# Visual Studio 14
VisualStudioVersion = 14.0.25420.1
MinimumVisualStudioVersion = 10.0.40219.1
Project("{FAE04EC0-301F-11D3-BF4B-00C04F79EFBC}") = "StrongPlateXamarin", "App1\App1\StrongPlateXamarin.csproj", "{D4588AB4-9BBA-4060-826E-1E451BA4C35C}"
EndProject
Project("{FAE04EC0-301F-11D3-BF4B-00C04F79EFBC}") = "StrongPlateXamarin.Droid", "App1\App1.Droid\StrongPlateXamarin.Droid.csproj", "{A919C881-02A9-4293-92D2-84F72675A8A7}"
EndProject
Project("{FAE04EC0-301F-11D3-BF4B-00C04F79EFBC}") = "StrongPlateXamarin.Tests", "App1.Tests\StrongPlateXamarin.Tests.csproj", "{03DC3A61-1ED4-42B9-A384-2A9DE34F93C2}"
EndProject
Project("{FAE04EC0-301F-11D3-BF4B-00C04F79EFBC}") = "StrongPlateXamarin.Domain", "App1.Domain\StrongPlateXamarin.Domain.csproj", "{63D8DD03-25EC-4E71-9FA1-B54827BCB907}"
EndProject
Project("{FAE04EC0-301F-11D3-BF4B-00C04F79EFBC}") = "StrongPlateXamarin.DAL", "App1.DAL\StrongPlateXamarin.DAL.csproj", "{C4B45F86-2947-4730-AF18-B48273B2D163}"
EndProject
Global
	GlobalSection(SolutionConfigurationPlatforms) = preSolution
		Ad-Hoc|Any CPU = Ad-Hoc|Any CPU
		Ad-Hoc|ARM = Ad-Hoc|ARM
		Ad-Hoc|iPhone = Ad-Hoc|iPhone
		Ad-Hoc|iPhoneSimulator = Ad-Hoc|iPhoneSimulator
		Ad-Hoc|x64 = Ad-Hoc|x64
		Ad-Hoc|x86 = Ad-Hoc|x86
		AppStore|Any CPU = AppStore|Any CPU
		AppStore|ARM = AppStore|ARM
		AppStore|iPhone = AppStore|iPhone
		AppStore|iPhoneSimulator = AppStore|iPhoneSimulator
		AppStore|x64 = AppStore|x64
		AppStore|x86 = AppStore|x86
		Debug|Any CPU = Debug|Any CPU
		Debug|ARM = Debug|ARM
		Debug|iPhone = Debug|iPhone
		Debug|iPhoneSimulator = Debug|iPhoneSimulator
		Debug|x64 = Debug|x64
		Debug|x86 = Debug|x86
		Release|Any CPU = Release|Any CPU
		Release|ARM = Release|ARM
		Release|iPhone = Release|iPhone
		Release|iPhoneSimulator = Release|iPhoneSimulator
		Release|x64 = Release|x64
		Release|x86 = Release|x86
	EndGlobalSection
	GlobalSection(ProjectConfigurationPlatforms) = postSolution
		{D4588AB4-9BBA-4060-826E-1E451BA4C35C}.Ad-Hoc|Any CPU.ActiveCfg = Release|Any CPU
		{D4588AB4-9BBA-4060-826E-1E451BA4C35C}.Ad-Hoc|Any CPU.Build.0 = Release|Any CPU
		{D4588AB4-9BBA-4060-826E-1E451BA4C35C}.Ad-Hoc|ARM.ActiveCfg = Release|Any CPU
		{D4588AB4-9BBA-4060-826E-1E451BA4C35C}.Ad-Hoc|ARM.Build.0 = Release|Any CPU
		{D4588AB4-9BBA-4060-826E-1E451BA4C35C}.Ad-Hoc|iPhone.ActiveCfg = Release|Any CPU
		{D4588AB4-9BBA-4060-826E-1E451BA4C35C}.Ad-Hoc|iPhone.Build.0 = Release|Any CPU
		{D4588AB4-9BBA-4060-826E-1E451BA4C35C}.Ad-Hoc|iPhoneSimulator.ActiveCfg = Release|Any CPU
		{D4588AB4-9BBA-4060-826E-1E451BA4C35C}.Ad-Hoc|iPhoneSimulator.Build.0 = Release|Any CPU
		{D4588AB4-9BBA-4060-826E-1E451BA4C35C}.Ad-Hoc|x64.ActiveCfg = Release|Any CPU
		{D4588AB4-9BBA-4060-826E-1E451BA4C35C}.Ad-Hoc|x64.Build.0 = Release|Any CPU
		{D4588AB4-9BBA-4060-826E-1E451BA4C35C}.Ad-Hoc|x86.ActiveCfg = Release|Any CPU
		{D4588AB4-9BBA-4060-826E-1E451BA4C35C}.Ad-Hoc|x86.Build.0 = Release|Any CPU
		{D4588AB4-9BBA-4060-826E-1E451BA4C35C}.AppStore|Any CPU.ActiveCfg = Release|Any CPU
		{D4588AB4-9BBA-4060-826E-1E451BA4C35C}.AppStore|Any CPU.Build.0 = Release|Any CPU
		{D4588AB4-9BBA-4060-826E-1E451BA4C35C}.AppStore|ARM.ActiveCfg = Release|Any CPU
		{D4588AB4-9BBA-4060-826E-1E451BA4C35C}.AppStore|ARM.Build.0 = Release|Any CPU
		{D4588AB4-9BBA-4060-826E-1E451BA4C35C}.AppStore|iPhone.ActiveCfg = Release|Any CPU
		{D4588AB4-9BBA-4060-826E-1E451BA4C35C}.AppStore|iPhone.Build.0 = Release|Any CPU
		{D4588AB4-9BBA-4060-826E-1E451BA4C35C}.AppStore|iPhoneSimulator.ActiveCfg = Release|Any CPU
		{D4588AB4-9BBA-4060-826E-1E451BA4C35C}.AppStore|iPhoneSimulator.Build.0 = Release|Any CPU
		{D4588AB4-9BBA-4060-826E-1E451BA4C35C}.AppStore|x64.ActiveCfg = Release|Any CPU
		{D4588AB4-9BBA-4060-826E-1E451BA4C35C}.AppStore|x64.Build.0 = Release|Any CPU
		{D4588AB4-9BBA-4060-826E-1E451BA4C35C}.AppStore|x86.ActiveCfg = Release|Any CPU
		{D4588AB4-9BBA-4060-826E-1E451BA4C35C}.AppStore|x86.Build.0 = Release|Any CPU
		{D4588AB4-9BBA-4060-826E-1E451BA4C35C}.Debug|Any CPU.ActiveCfg = Debug|Any CPU
		{D4588AB4-9BBA-4060-826E-1E451BA4C35C}.Debug|Any CPU.Build.0 = Debug|Any CPU
		{D4588AB4-9BBA-4060-826E-1E451BA4C35C}.Debug|Any CPU.Deploy.0 = Debug|Any CPU
		{D4588AB4-9BBA-4060-826E-1E451BA4C35C}.Debug|ARM.ActiveCfg = Debug|Any CPU
		{D4588AB4-9BBA-4060-826E-1E451BA4C35C}.Debug|ARM.Build.0 = Debug|Any CPU
		{D4588AB4-9BBA-4060-826E-1E451BA4C35C}.Debug|iPhone.ActiveCfg = Debug|Any CPU
		{D4588AB4-9BBA-4060-826E-1E451BA4C35C}.Debug|iPhone.Build.0 = Debug|Any CPU
		{D4588AB4-9BBA-4060-826E-1E451BA4C35C}.Debug|iPhoneSimulator.ActiveCfg = Debug|Any CPU
		{D4588AB4-9BBA-4060-826E-1E451BA4C35C}.Debug|iPhoneSimulator.Build.0 = Debug|Any CPU
		{D4588AB4-9BBA-4060-826E-1E451BA4C35C}.Debug|x64.ActiveCfg = Debug|Any CPU
		{D4588AB4-9BBA-4060-826E-1E451BA4C35C}.Debug|x64.Build.0 = Debug|Any CPU
		{D4588AB4-9BBA-4060-826E-1E451BA4C35C}.Debug|x86.ActiveCfg = Debug|Any CPU
		{D4588AB4-9BBA-4060-826E-1E451BA4C35C}.Debug|x86.Build.0 = Debug|Any CPU
		{D4588AB4-9BBA-4060-826E-1E451BA4C35C}.Release|Any CPU.ActiveCfg = Release|Any CPU
		{D4588AB4-9BBA-4060-826E-1E451BA4C35C}.Release|Any CPU.Build.0 = Release|Any CPU
		{D4588AB4-9BBA-4060-826E-1E451BA4C35C}.Release|ARM.ActiveCfg = Release|Any CPU
		{D4588AB4-9BBA-4060-826E-1E451BA4C35C}.Release|ARM.Build.0 = Release|Any CPU
		{D4588AB4-9BBA-4060-826E-1E451BA4C35C}.Release|iPhone.ActiveCfg = Release|Any CPU
		{D4588AB4-9BBA-4060-826E-1E451BA4C35C}.Release|iPhone.Build.0 = Release|Any CPU
		{D4588AB4-9BBA-4060-826E-1E451BA4C35C}.Release|iPhoneSimulator.ActiveCfg = Release|Any CPU
		{D4588AB4-9BBA-4060-826E-1E451BA4C35C}.Release|iPhoneSimulator.Build.0 = Release|Any CPU
		{D4588AB4-9BBA-4060-826E-1E451BA4C35C}.Release|x64.ActiveCfg = Release|Any CPU
		{D4588AB4-9BBA-4060-826E-1E451BA4C35C}.Release|x64.Build.0 = Release|Any CPU
		{D4588AB4-9BBA-4060-826E-1E451BA4C35C}.Release|x86.ActiveCfg = Release|Any CPU
		{D4588AB4-9BBA-4060-826E-1E451BA4C35C}.Release|x86.Build.0 = Release|Any CPU
		{A919C881-02A9-4293-92D2-84F72675A8A7}.Ad-Hoc|Any CPU.ActiveCfg = Release|Any CPU
		{A919C881-02A9-4293-92D2-84F72675A8A7}.Ad-Hoc|Any CPU.Build.0 = Release|Any CPU
		{A919C881-02A9-4293-92D2-84F72675A8A7}.Ad-Hoc|Any CPU.Deploy.0 = Release|Any CPU
		{A919C881-02A9-4293-92D2-84F72675A8A7}.Ad-Hoc|ARM.ActiveCfg = Release|Any CPU
		{A919C881-02A9-4293-92D2-84F72675A8A7}.Ad-Hoc|ARM.Build.0 = Release|Any CPU
		{A919C881-02A9-4293-92D2-84F72675A8A7}.Ad-Hoc|ARM.Deploy.0 = Release|Any CPU
		{A919C881-02A9-4293-92D2-84F72675A8A7}.Ad-Hoc|iPhone.ActiveCfg = Release|Any CPU
		{A919C881-02A9-4293-92D2-84F72675A8A7}.Ad-Hoc|iPhone.Build.0 = Release|Any CPU
		{A919C881-02A9-4293-92D2-84F72675A8A7}.Ad-Hoc|iPhone.Deploy.0 = Release|Any CPU
		{A919C881-02A9-4293-92D2-84F72675A8A7}.Ad-Hoc|iPhoneSimulator.ActiveCfg = Release|Any CPU
		{A919C881-02A9-4293-92D2-84F72675A8A7}.Ad-Hoc|iPhoneSimulator.Build.0 = Release|Any CPU
		{A919C881-02A9-4293-92D2-84F72675A8A7}.Ad-Hoc|iPhoneSimulator.Deploy.0 = Release|Any CPU
		{A919C881-02A9-4293-92D2-84F72675A8A7}.Ad-Hoc|x64.ActiveCfg = Release|Any CPU
		{A919C881-02A9-4293-92D2-84F72675A8A7}.Ad-Hoc|x64.Build.0 = Release|Any CPU
		{A919C881-02A9-4293-92D2-84F72675A8A7}.Ad-Hoc|x64.Deploy.0 = Release|Any CPU
		{A919C881-02A9-4293-92D2-84F72675A8A7}.Ad-Hoc|x86.ActiveCfg = Release|Any CPU
		{A919C881-02A9-4293-92D2-84F72675A8A7}.Ad-Hoc|x86.Build.0 = Release|Any CPU
		{A919C881-02A9-4293-92D2-84F72675A8A7}.Ad-Hoc|x86.Deploy.0 = Release|Any CPU
		{A919C881-02A9-4293-92D2-84F72675A8A7}.AppStore|Any CPU.ActiveCfg = Release|Any CPU
		{A919C881-02A9-4293-92D2-84F72675A8A7}.AppStore|Any CPU.Build.0 = Release|Any CPU
		{A919C881-02A9-4293-92D2-84F72675A8A7}.AppStore|Any CPU.Deploy.0 = Release|Any CPU
		{A919C881-02A9-4293-92D2-84F72675A8A7}.AppStore|ARM.ActiveCfg = Release|Any CPU
		{A919C881-02A9-4293-92D2-84F72675A8A7}.AppStore|ARM.Build.0 = Release|Any CPU
		{A919C881-02A9-4293-92D2-84F72675A8A7}.AppStore|ARM.Deploy.0 = Release|Any CPU
		{A919C881-02A9-4293-92D2-84F72675A8A7}.AppStore|iPhone.ActiveCfg = Release|Any CPU
		{A919C881-02A9-4293-92D2-84F72675A8A7}.AppStore|iPhone.Build.0 = Release|Any CPU
		{A919C881-02A9-4293-92D2-84F72675A8A7}.AppStore|iPhone.Deploy.0 = Release|Any CPU
		{A919C881-02A9-4293-92D2-84F72675A8A7}.AppStore|iPhoneSimulator.ActiveCfg = Release|Any CPU
		{A919C881-02A9-4293-92D2-84F72675A8A7}.AppStore|iPhoneSimulator.Build.0 = Release|Any CPU
		{A919C881-02A9-4293-92D2-84F72675A8A7}.AppStore|iPhoneSimulator.Deploy.0 = Release|Any CPU
		{A919C881-02A9-4293-92D2-84F72675A8A7}.AppStore|x64.ActiveCfg = Release|Any CPU
		{A919C881-02A9-4293-92D2-84F72675A8A7}.AppStore|x64.Build.0 = Release|Any CPU
		{A919C881-02A9-4293-92D2-84F72675A8A7}.AppStore|x64.Deploy.0 = Release|Any CPU
		{A919C881-02A9-4293-92D2-84F72675A8A7}.AppStore|x86.ActiveCfg = Release|Any CPU
		{A919C881-02A9-4293-92D2-84F72675A8A7}.AppStore|x86.Build.0 = Release|Any CPU
		{A919C881-02A9-4293-92D2-84F72675A8A7}.AppStore|x86.Deploy.0 = Release|Any CPU
		{A919C881-02A9-4293-92D2-84F72675A8A7}.Debug|Any CPU.ActiveCfg = Debug|Any CPU
		{A919C881-02A9-4293-92D2-84F72675A8A7}.Debug|Any CPU.Build.0 = Debug|Any CPU
		{A919C881-02A9-4293-92D2-84F72675A8A7}.Debug|Any CPU.Deploy.0 = Debug|Any CPU
		{A919C881-02A9-4293-92D2-84F72675A8A7}.Debug|ARM.ActiveCfg = Debug|Any CPU
		{A919C881-02A9-4293-92D2-84F72675A8A7}.Debug|ARM.Build.0 = Debug|Any CPU
		{A919C881-02A9-4293-92D2-84F72675A8A7}.Debug|ARM.Deploy.0 = Debug|Any CPU
		{A919C881-02A9-4293-92D2-84F72675A8A7}.Debug|iPhone.ActiveCfg = Debug|Any CPU
		{A919C881-02A9-4293-92D2-84F72675A8A7}.Debug|iPhone.Build.0 = Debug|Any CPU
		{A919C881-02A9-4293-92D2-84F72675A8A7}.Debug|iPhone.Deploy.0 = Debug|Any CPU
		{A919C881-02A9-4293-92D2-84F72675A8A7}.Debug|iPhoneSimulator.ActiveCfg = Debug|Any CPU
		{A919C881-02A9-4293-92D2-84F72675A8A7}.Debug|iPhoneSimulator.Build.0 = Debug|Any CPU
		{A919C881-02A9-4293-92D2-84F72675A8A7}.Debug|iPhoneSimulator.Deploy.0 = Debug|Any CPU
		{A919C881-02A9-4293-92D2-84F72675A8A7}.Debug|x64.ActiveCfg = Debug|Any CPU
		{A919C881-02A9-4293-92D2-84F72675A8A7}.Debug|x64.Build.0 = Debug|Any CPU
		{A919C881-02A9-4293-92D2-84F72675A8A7}.Debug|x64.Deploy.0 = Debug|Any CPU
		{A919C881-02A9-4293-92D2-84F72675A8A7}.Debug|x86.ActiveCfg = Debug|Any CPU
		{A919C881-02A9-4293-92D2-84F72675A8A7}.Debug|x86.Build.0 = Debug|Any CPU
		{A919C881-02A9-4293-92D2-84F72675A8A7}.Debug|x86.Deploy.0 = Debug|Any CPU
		{A919C881-02A9-4293-92D2-84F72675A8A7}.Release|Any CPU.ActiveCfg = Release|Any CPU
		{A919C881-02A9-4293-92D2-84F72675A8A7}.Release|Any CPU.Build.0 = Release|Any CPU
		{A919C881-02A9-4293-92D2-84F72675A8A7}.Release|Any CPU.Deploy.0 = Release|Any CPU
		{A919C881-02A9-4293-92D2-84F72675A8A7}.Release|ARM.ActiveCfg = Release|Any CPU
		{A919C881-02A9-4293-92D2-84F72675A8A7}.Release|ARM.Build.0 = Release|Any CPU
		{A919C881-02A9-4293-92D2-84F72675A8A7}.Release|ARM.Deploy.0 = Release|Any CPU
		{A919C881-02A9-4293-92D2-84F72675A8A7}.Release|iPhone.ActiveCfg = Release|Any CPU
		{A919C881-02A9-4293-92D2-84F72675A8A7}.Release|iPhone.Build.0 = Release|Any CPU
		{A919C881-02A9-4293-92D2-84F72675A8A7}.Release|iPhone.Deploy.0 = Release|Any CPU
		{A919C881-02A9-4293-92D2-84F72675A8A7}.Release|iPhoneSimulator.ActiveCfg = Release|Any CPU
		{A919C881-02A9-4293-92D2-84F72675A8A7}.Release|iPhoneSimulator.Build.0 = Release|Any CPU
		{A919C881-02A9-4293-92D2-84F72675A8A7}.Release|iPhoneSimulator.Deploy.0 = Release|Any CPU
		{A919C881-02A9-4293-92D2-84F72675A8A7}.Release|x64.ActiveCfg = Release|Any CPU
		{A919C881-02A9-4293-92D2-84F72675A8A7}.Release|x64.Build.0 = Release|Any CPU
		{A919C881-02A9-4293-92D2-84F72675A8A7}.Release|x64.Deploy.0 = Release|Any CPU
		{A919C881-02A9-4293-92D2-84F72675A8A7}.Release|x86.ActiveCfg = Release|Any CPU
		{A919C881-02A9-4293-92D2-84F72675A8A7}.Release|x86.Build.0 = Release|Any CPU
		{A919C881-02A9-4293-92D2-84F72675A8A7}.Release|x86.Deploy.0 = Release|Any CPU
		{03DC3A61-1ED4-42B9-A384-2A9DE34F93C2}.Ad-Hoc|Any CPU.ActiveCfg = Release|Any CPU
		{03DC3A61-1ED4-42B9-A384-2A9DE34F93C2}.Ad-Hoc|Any CPU.Build.0 = Release|Any CPU
		{03DC3A61-1ED4-42B9-A384-2A9DE34F93C2}.Ad-Hoc|ARM.ActiveCfg = Release|Any CPU
		{03DC3A61-1ED4-42B9-A384-2A9DE34F93C2}.Ad-Hoc|ARM.Build.0 = Release|Any CPU
		{03DC3A61-1ED4-42B9-A384-2A9DE34F93C2}.Ad-Hoc|iPhone.ActiveCfg = Release|Any CPU
		{03DC3A61-1ED4-42B9-A384-2A9DE34F93C2}.Ad-Hoc|iPhone.Build.0 = Release|Any CPU
		{03DC3A61-1ED4-42B9-A384-2A9DE34F93C2}.Ad-Hoc|iPhoneSimulator.ActiveCfg = Release|Any CPU
		{03DC3A61-1ED4-42B9-A384-2A9DE34F93C2}.Ad-Hoc|iPhoneSimulator.Build.0 = Release|Any CPU
		{03DC3A61-1ED4-42B9-A384-2A9DE34F93C2}.Ad-Hoc|x64.ActiveCfg = Release|Any CPU
		{03DC3A61-1ED4-42B9-A384-2A9DE34F93C2}.Ad-Hoc|x64.Build.0 = Release|Any CPU
		{03DC3A61-1ED4-42B9-A384-2A9DE34F93C2}.Ad-Hoc|x86.ActiveCfg = Release|Any CPU
		{03DC3A61-1ED4-42B9-A384-2A9DE34F93C2}.Ad-Hoc|x86.Build.0 = Release|Any CPU
		{03DC3A61-1ED4-42B9-A384-2A9DE34F93C2}.AppStore|Any CPU.ActiveCfg = Release|Any CPU
		{03DC3A61-1ED4-42B9-A384-2A9DE34F93C2}.AppStore|Any CPU.Build.0 = Release|Any CPU
		{03DC3A61-1ED4-42B9-A384-2A9DE34F93C2}.AppStore|ARM.ActiveCfg = Release|Any CPU
		{03DC3A61-1ED4-42B9-A384-2A9DE34F93C2}.AppStore|ARM.Build.0 = Release|Any CPU
		{03DC3A61-1ED4-42B9-A384-2A9DE34F93C2}.AppStore|iPhone.ActiveCfg = Release|Any CPU
		{03DC3A61-1ED4-42B9-A384-2A9DE34F93C2}.AppStore|iPhone.Build.0 = Release|Any CPU
		{03DC3A61-1ED4-42B9-A384-2A9DE34F93C2}.AppStore|iPhoneSimulator.ActiveCfg = Release|Any CPU
		{03DC3A61-1ED4-42B9-A384-2A9DE34F93C2}.AppStore|iPhoneSimulator.Build.0 = Release|Any CPU
		{03DC3A61-1ED4-42B9-A384-2A9DE34F93C2}.AppStore|x64.ActiveCfg = Release|Any CPU
		{03DC3A61-1ED4-42B9-A384-2A9DE34F93C2}.AppStore|x64.Build.0 = Release|Any CPU
		{03DC3A61-1ED4-42B9-A384-2A9DE34F93C2}.AppStore|x86.ActiveCfg = Release|Any CPU
		{03DC3A61-1ED4-42B9-A384-2A9DE34F93C2}.AppStore|x86.Build.0 = Release|Any CPU
		{03DC3A61-1ED4-42B9-A384-2A9DE34F93C2}.Debug|Any CPU.ActiveCfg = Debug|Any CPU
		{03DC3A61-1ED4-42B9-A384-2A9DE34F93C2}.Debug|Any CPU.Build.0 = Debug|Any CPU
		{03DC3A61-1ED4-42B9-A384-2A9DE34F93C2}.Debug|ARM.ActiveCfg = Debug|Any CPU
		{03DC3A61-1ED4-42B9-A384-2A9DE34F93C2}.Debug|ARM.Build.0 = Debug|Any CPU
		{03DC3A61-1ED4-42B9-A384-2A9DE34F93C2}.Debug|iPhone.ActiveCfg = Debug|Any CPU
		{03DC3A61-1ED4-42B9-A384-2A9DE34F93C2}.Debug|iPhone.Build.0 = Debug|Any CPU
		{03DC3A61-1ED4-42B9-A384-2A9DE34F93C2}.Debug|iPhoneSimulator.ActiveCfg = Debug|Any CPU
		{03DC3A61-1ED4-42B9-A384-2A9DE34F93C2}.Debug|iPhoneSimulator.Build.0 = Debug|Any CPU
		{03DC3A61-1ED4-42B9-A384-2A9DE34F93C2}.Debug|x64.ActiveCfg = Debug|Any CPU
		{03DC3A61-1ED4-42B9-A384-2A9DE34F93C2}.Debug|x64.Build.0 = Debug|Any CPU
		{03DC3A61-1ED4-42B9-A384-2A9DE34F93C2}.Debug|x86.ActiveCfg = Debug|Any CPU
		{03DC3A61-1ED4-42B9-A384-2A9DE34F93C2}.Debug|x86.Build.0 = Debug|Any CPU
		{03DC3A61-1ED4-42B9-A384-2A9DE34F93C2}.Release|Any CPU.ActiveCfg = Release|Any CPU
		{03DC3A61-1ED4-42B9-A384-2A9DE34F93C2}.Release|Any CPU.Build.0 = Release|Any CPU
		{03DC3A61-1ED4-42B9-A384-2A9DE34F93C2}.Release|ARM.ActiveCfg = Release|Any CPU
		{03DC3A61-1ED4-42B9-A384-2A9DE34F93C2}.Release|ARM.Build.0 = Release|Any CPU
		{03DC3A61-1ED4-42B9-A384-2A9DE34F93C2}.Release|iPhone.ActiveCfg = Release|Any CPU
		{03DC3A61-1ED4-42B9-A384-2A9DE34F93C2}.Release|iPhone.Build.0 = Release|Any CPU
		{03DC3A61-1ED4-42B9-A384-2A9DE34F93C2}.Release|iPhoneSimulator.ActiveCfg = Release|Any CPU
		{03DC3A61-1ED4-42B9-A384-2A9DE34F93C2}.Release|iPhoneSimulator.Build.0 = Release|Any CPU
		{03DC3A61-1ED4-42B9-A384-2A9DE34F93C2}.Release|x64.ActiveCfg = Release|Any CPU
		{03DC3A61-1ED4-42B9-A384-2A9DE34F93C2}.Release|x64.Build.0 = Release|Any CPU
		{03DC3A61-1ED4-42B9-A384-2A9DE34F93C2}.Release|x86.ActiveCfg = Release|Any CPU
		{03DC3A61-1ED4-42B9-A384-2A9DE34F93C2}.Release|x86.Build.0 = Release|Any CPU
		{63D8DD03-25EC-4E71-9FA1-B54827BCB907}.Ad-Hoc|Any CPU.ActiveCfg = Release|Any CPU
		{63D8DD03-25EC-4E71-9FA1-B54827BCB907}.Ad-Hoc|Any CPU.Build.0 = Release|Any CPU
		{63D8DD03-25EC-4E71-9FA1-B54827BCB907}.Ad-Hoc|ARM.ActiveCfg = Release|Any CPU
		{63D8DD03-25EC-4E71-9FA1-B54827BCB907}.Ad-Hoc|ARM.Build.0 = Release|Any CPU
		{63D8DD03-25EC-4E71-9FA1-B54827BCB907}.Ad-Hoc|iPhone.ActiveCfg = Release|Any CPU
		{63D8DD03-25EC-4E71-9FA1-B54827BCB907}.Ad-Hoc|iPhone.Build.0 = Release|Any CPU
		{63D8DD03-25EC-4E71-9FA1-B54827BCB907}.Ad-Hoc|iPhoneSimulator.ActiveCfg = Release|Any CPU
		{63D8DD03-25EC-4E71-9FA1-B54827BCB907}.Ad-Hoc|iPhoneSimulator.Build.0 = Release|Any CPU
		{63D8DD03-25EC-4E71-9FA1-B54827BCB907}.Ad-Hoc|x64.ActiveCfg = Release|Any CPU
		{63D8DD03-25EC-4E71-9FA1-B54827BCB907}.Ad-Hoc|x64.Build.0 = Release|Any CPU
		{63D8DD03-25EC-4E71-9FA1-B54827BCB907}.Ad-Hoc|x86.ActiveCfg = Release|Any CPU
		{63D8DD03-25EC-4E71-9FA1-B54827BCB907}.Ad-Hoc|x86.Build.0 = Release|Any CPU
		{63D8DD03-25EC-4E71-9FA1-B54827BCB907}.AppStore|Any CPU.ActiveCfg = Release|Any CPU
		{63D8DD03-25EC-4E71-9FA1-B54827BCB907}.AppStore|Any CPU.Build.0 = Release|Any CPU
		{63D8DD03-25EC-4E71-9FA1-B54827BCB907}.AppStore|ARM.ActiveCfg = Release|Any CPU
		{63D8DD03-25EC-4E71-9FA1-B54827BCB907}.AppStore|ARM.Build.0 = Release|Any CPU
		{63D8DD03-25EC-4E71-9FA1-B54827BCB907}.AppStore|iPhone.ActiveCfg = Release|Any CPU
		{63D8DD03-25EC-4E71-9FA1-B54827BCB907}.AppStore|iPhone.Build.0 = Release|Any CPU
		{63D8DD03-25EC-4E71-9FA1-B54827BCB907}.AppStore|iPhoneSimulator.ActiveCfg = Release|Any CPU
		{63D8DD03-25EC-4E71-9FA1-B54827BCB907}.AppStore|iPhoneSimulator.Build.0 = Release|Any CPU
		{63D8DD03-25EC-4E71-9FA1-B54827BCB907}.AppStore|x64.ActiveCfg = Release|Any CPU
		{63D8DD03-25EC-4E71-9FA1-B54827BCB907}.AppStore|x64.Build.0 = Release|Any CPU
		{63D8DD03-25EC-4E71-9FA1-B54827BCB907}.AppStore|x86.ActiveCfg = Release|Any CPU
		{63D8DD03-25EC-4E71-9FA1-B54827BCB907}.AppStore|x86.Build.0 = Release|Any CPU
		{63D8DD03-25EC-4E71-9FA1-B54827BCB907}.Debug|Any CPU.ActiveCfg = Debug|Any CPU
		{63D8DD03-25EC-4E71-9FA1-B54827BCB907}.Debug|Any CPU.Build.0 = Debug|Any CPU
		{63D8DD03-25EC-4E71-9FA1-B54827BCB907}.Debug|ARM.ActiveCfg = Debug|Any CPU
		{63D8DD03-25EC-4E71-9FA1-B54827BCB907}.Debug|ARM.Build.0 = Debug|Any CPU
		{63D8DD03-25EC-4E71-9FA1-B54827BCB907}.Debug|iPhone.ActiveCfg = Debug|Any CPU
		{63D8DD03-25EC-4E71-9FA1-B54827BCB907}.Debug|iPhone.Build.0 = Debug|Any CPU
		{63D8DD03-25EC-4E71-9FA1-B54827BCB907}.Debug|iPhoneSimulator.ActiveCfg = Debug|Any CPU
		{63D8DD03-25EC-4E71-9FA1-B54827BCB907}.Debug|iPhoneSimulator.Build.0 = Debug|Any CPU
		{63D8DD03-25EC-4E71-9FA1-B54827BCB907}.Debug|x64.ActiveCfg = Debug|Any CPU
		{63D8DD03-25EC-4E71-9FA1-B54827BCB907}.Debug|x64.Build.0 = Debug|Any CPU
		{63D8DD03-25EC-4E71-9FA1-B54827BCB907}.Debug|x86.ActiveCfg = Debug|Any CPU
		{63D8DD03-25EC-4E71-9FA1-B54827BCB907}.Debug|x86.Build.0 = Debug|Any CPU
		{63D8DD03-25EC-4E71-9FA1-B54827BCB907}.Release|Any CPU.ActiveCfg = Release|Any CPU
		{63D8DD03-25EC-4E71-9FA1-B54827BCB907}.Release|Any CPU.Build.0 = Release|Any CPU
		{63D8DD03-25EC-4E71-9FA1-B54827BCB907}.Release|ARM.ActiveCfg = Release|Any CPU
		{63D8DD03-25EC-4E71-9FA1-B54827BCB907}.Release|ARM.Build.0 = Release|Any CPU
		{63D8DD03-25EC-4E71-9FA1-B54827BCB907}.Release|iPhone.ActiveCfg = Release|Any CPU
		{63D8DD03-25EC-4E71-9FA1-B54827BCB907}.Release|iPhone.Build.0 = Release|Any CPU
		{63D8DD03-25EC-4E71-9FA1-B54827BCB907}.Release|iPhoneSimulator.ActiveCfg = Release|Any CPU
		{63D8DD03-25EC-4E71-9FA1-B54827BCB907}.Release|iPhoneSimulator.Build.0 = Release|Any CPU
		{63D8DD03-25EC-4E71-9FA1-B54827BCB907}.Release|x64.ActiveCfg = Release|Any CPU
		{63D8DD03-25EC-4E71-9FA1-B54827BCB907}.Release|x64.Build.0 = Release|Any CPU
		{63D8DD03-25EC-4E71-9FA1-B54827BCB907}.Release|x86.ActiveCfg = Release|Any CPU
		{63D8DD03-25EC-4E71-9FA1-B54827BCB907}.Release|x86.Build.0 = Release|Any CPU
		{C4B45F86-2947-4730-AF18-B48273B2D163}.Ad-Hoc|Any CPU.ActiveCfg = Release|Any CPU
		{C4B45F86-2947-4730-AF18-B48273B2D163}.Ad-Hoc|Any CPU.Build.0 = Release|Any CPU
		{C4B45F86-2947-4730-AF18-B48273B2D163}.Ad-Hoc|ARM.ActiveCfg = Release|Any CPU
		{C4B45F86-2947-4730-AF18-B48273B2D163}.Ad-Hoc|ARM.Build.0 = Release|Any CPU
		{C4B45F86-2947-4730-AF18-B48273B2D163}.Ad-Hoc|iPhone.ActiveCfg = Release|Any CPU
		{C4B45F86-2947-4730-AF18-B48273B2D163}.Ad-Hoc|iPhone.Build.0 = Release|Any CPU
		{C4B45F86-2947-4730-AF18-B48273B2D163}.Ad-Hoc|iPhoneSimulator.ActiveCfg = Release|Any CPU
		{C4B45F86-2947-4730-AF18-B48273B2D163}.Ad-Hoc|iPhoneSimulator.Build.0 = Release|Any CPU
		{C4B45F86-2947-4730-AF18-B48273B2D163}.Ad-Hoc|x64.ActiveCfg = Release|Any CPU
		{C4B45F86-2947-4730-AF18-B48273B2D163}.Ad-Hoc|x64.Build.0 = Release|Any CPU
		{C4B45F86-2947-4730-AF18-B48273B2D163}.Ad-Hoc|x86.ActiveCfg = Release|Any CPU
		{C4B45F86-2947-4730-AF18-B48273B2D163}.Ad-Hoc|x86.Build.0 = Release|Any CPU
		{C4B45F86-2947-4730-AF18-B48273B2D163}.AppStore|Any CPU.ActiveCfg = Release|Any CPU
		{C4B45F86-2947-4730-AF18-B48273B2D163}.AppStore|Any CPU.Build.0 = Release|Any CPU
		{C4B45F86-2947-4730-AF18-B48273B2D163}.AppStore|ARM.ActiveCfg = Release|Any CPU
		{C4B45F86-2947-4730-AF18-B48273B2D163}.AppStore|ARM.Build.0 = Release|Any CPU
		{C4B45F86-2947-4730-AF18-B48273B2D163}.AppStore|iPhone.ActiveCfg = Release|Any CPU
		{C4B45F86-2947-4730-AF18-B48273B2D163}.AppStore|iPhone.Build.0 = Release|Any CPU
		{C4B45F86-2947-4730-AF18-B48273B2D163}.AppStore|iPhoneSimulator.ActiveCfg = Release|Any CPU
		{C4B45F86-2947-4730-AF18-B48273B2D163}.AppStore|iPhoneSimulator.Build.0 = Release|Any CPU
		{C4B45F86-2947-4730-AF18-B48273B2D163}.AppStore|x64.ActiveCfg = Release|Any CPU
		{C4B45F86-2947-4730-AF18-B48273B2D163}.AppStore|x64.Build.0 = Release|Any CPU
		{C4B45F86-2947-4730-AF18-B48273B2D163}.AppStore|x86.ActiveCfg = Release|Any CPU
		{C4B45F86-2947-4730-AF18-B48273B2D163}.AppStore|x86.Build.0 = Release|Any CPU
		{C4B45F86-2947-4730-AF18-B48273B2D163}.Debug|Any CPU.ActiveCfg = Debug|Any CPU
		{C4B45F86-2947-4730-AF18-B48273B2D163}.Debug|Any CPU.Build.0 = Debug|Any CPU
		{C4B45F86-2947-4730-AF18-B48273B2D163}.Debug|ARM.ActiveCfg = Debug|Any CPU
		{C4B45F86-2947-4730-AF18-B48273B2D163}.Debug|ARM.Build.0 = Debug|Any CPU
		{C4B45F86-2947-4730-AF18-B48273B2D163}.Debug|iPhone.ActiveCfg = Debug|Any CPU
		{C4B45F86-2947-4730-AF18-B48273B2D163}.Debug|iPhone.Build.0 = Debug|Any CPU
		{C4B45F86-2947-4730-AF18-B48273B2D163}.Debug|iPhoneSimulator.ActiveCfg = Debug|Any CPU
		{C4B45F86-2947-4730-AF18-B48273B2D163}.Debug|iPhoneSimulator.Build.0 = Debug|Any CPU
		{C4B45F86-2947-4730-AF18-B48273B2D163}.Debug|x64.ActiveCfg = Debug|Any CPU
		{C4B45F86-2947-4730-AF18-B48273B2D163}.Debug|x64.Build.0 = Debug|Any CPU
		{C4B45F86-2947-4730-AF18-B48273B2D163}.Debug|x86.ActiveCfg = Debug|Any CPU
		{C4B45F86-2947-4730-AF18-B48273B2D163}.Debug|x86.Build.0 = Debug|Any CPU
		{C4B45F86-2947-4730-AF18-B48273B2D163}.Release|Any CPU.ActiveCfg = Release|Any CPU
		{C4B45F86-2947-4730-AF18-B48273B2D163}.Release|Any CPU.Build.0 = Release|Any CPU
		{C4B45F86-2947-4730-AF18-B48273B2D163}.Release|ARM.ActiveCfg = Release|Any CPU
		{C4B45F86-2947-4730-AF18-B48273B2D163}.Release|ARM.Build.0 = Release|Any CPU
		{C4B45F86-2947-4730-AF18-B48273B2D163}.Release|iPhone.ActiveCfg = Release|Any CPU
		{C4B45F86-2947-4730-AF18-B48273B2D163}.Release|iPhone.Build.0 = Release|Any CPU
		{C4B45F86-2947-4730-AF18-B48273B2D163}.Release|iPhoneSimulator.ActiveCfg = Release|Any CPU
		{C4B45F86-2947-4730-AF18-B48273B2D163}.Release|iPhoneSimulator.Build.0 = Release|Any CPU
		{C4B45F86-2947-4730-AF18-B48273B2D163}.Release|x64.ActiveCfg = Release|Any CPU
		{C4B45F86-2947-4730-AF18-B48273B2D163}.Release|x64.Build.0 = Release|Any CPU
		{C4B45F86-2947-4730-AF18-B48273B2D163}.Release|x86.ActiveCfg = Release|Any CPU
		{C4B45F86-2947-4730-AF18-B48273B2D163}.Release|x86.Build.0 = Release|Any CPU
	EndGlobalSection
	GlobalSection(SolutionProperties) = preSolution
		HideSolutionNode = FALSE
	EndGlobalSection
EndGlobal
